
Microsoft Visual Studio Solution File, Format Version 12.00
# Visual Studio 15
VisualStudioVersion = 15.0.27130.2027
MinimumVisualStudioVersion = 10.0.40219.1
Project("{FAE04EC0-301F-11D3-BF4B-00C04F79EFBC}") = "Task1", "Task1\Task1.csproj", "{A15CF40D-5094-4420-83FF-CF9E01DE704A}"
EndProject
Project("{FAE04EC0-301F-11D3-BF4B-00C04F79EFBC}") = "Task2", "Task2\Task2.csproj", "{9E202649-9674-4F30-B078-79EE3BB42684}"
EndProject
Project("{2150E333-8FDC-42A3-9474-1A3956D46DE8}") = "Solution Items", "Solution Items", "{A52A7662-B6BA-41A9-9E4B-174910B4654C}"
EndProject
Project("{FAE04EC0-301F-11D3-BF4B-00C04F79EFBC}") = "MyClasses", "MyUser\MyClasses.csproj", "{150ACF38-0D87-4811-88FA-108D112A0BEE}"
EndProject
Project("{FAE04EC0-301F-11D3-BF4B-00C04F79EFBC}") = "Task3", "Task3\Task3.csproj", "{636ACFFA-3B5E-4665-8A7E-891A79145820}"
EndProject
Project("{FAE04EC0-301F-11D3-BF4B-00C04F79EFBC}") = "Task4", "Task4\Task4.csproj", "{F9C28A6D-6416-4D52-BB06-5314CE03AD19}"
EndProject
Global
	GlobalSection(SolutionConfigurationPlatforms) = preSolution
		Debug|Any CPU = Debug|Any CPU
		Release|Any CPU = Release|Any CPU
	EndGlobalSection
	GlobalSection(ProjectConfigurationPlatforms) = postSolution
		{A15CF40D-5094-4420-83FF-CF9E01DE704A}.Debug|Any CPU.ActiveCfg = Debug|Any CPU
		{A15CF40D-5094-4420-83FF-CF9E01DE704A}.Debug|Any CPU.Build.0 = Debug|Any CPU
		{A15CF40D-5094-4420-83FF-CF9E01DE704A}.Release|Any CPU.ActiveCfg = Release|Any CPU
		{A15CF40D-5094-4420-83FF-CF9E01DE704A}.Release|Any CPU.Build.0 = Release|Any CPU
		{9E202649-9674-4F30-B078-79EE3BB42684}.Debug|Any CPU.ActiveCfg = Debug|Any CPU
		{9E202649-9674-4F30-B078-79EE3BB42684}.Debug|Any CPU.Build.0 = Debug|Any CPU
		{9E202649-9674-4F30-B078-79EE3BB42684}.Release|Any CPU.ActiveCfg = Release|Any CPU
		{9E202649-9674-4F30-B078-79EE3BB42684}.Release|Any CPU.Build.0 = Release|Any CPU
		{150ACF38-0D87-4811-88FA-108D112A0BEE}.Debug|Any CPU.ActiveCfg = Debug|Any CPU
		{150ACF38-0D87-4811-88FA-108D112A0BEE}.Debug|Any CPU.Build.0 = Debug|Any CPU
		{150ACF38-0D87-4811-88FA-108D112A0BEE}.Release|Any CPU.ActiveCfg = Release|Any CPU
		{150ACF38-0D87-4811-88FA-108D112A0BEE}.Release|Any CPU.Build.0 = Release|Any CPU
		{636ACFFA-3B5E-4665-8A7E-891A79145820}.Debug|Any CPU.ActiveCfg = Debug|Any CPU
		{636ACFFA-3B5E-4665-8A7E-891A79145820}.Debug|Any CPU.Build.0 = Debug|Any CPU
		{636ACFFA-3B5E-4665-8A7E-891A79145820}.Release|Any CPU.ActiveCfg = Release|Any CPU
		{636ACFFA-3B5E-4665-8A7E-891A79145820}.Release|Any CPU.Build.0 = Release|Any CPU
		{F9C28A6D-6416-4D52-BB06-5314CE03AD19}.Debug|Any CPU.ActiveCfg = Debug|Any CPU
		{F9C28A6D-6416-4D52-BB06-5314CE03AD19}.Debug|Any CPU.Build.0 = Debug|Any CPU
		{F9C28A6D-6416-4D52-BB06-5314CE03AD19}.Release|Any CPU.ActiveCfg = Release|Any CPU
		{F9C28A6D-6416-4D52-BB06-5314CE03AD19}.Release|Any CPU.Build.0 = Release|Any CPU
	EndGlobalSection
	GlobalSection(SolutionProperties) = preSolution
		HideSolutionNode = FALSE
	EndGlobalSection
	GlobalSection(ExtensibilityGlobals) = postSolution
		SolutionGuid = {56F83EBD-53E4-4C2E-8290-0521D0AE362B}
	EndGlobalSection
EndGlobal
