
Microsoft Visual Studio Solution File, Format Version 12.00
# Visual Studio 15
VisualStudioVersion = 15.0.27130.2027
MinimumVisualStudioVersion = 10.0.40219.1
Project("{FAE04EC0-301F-11D3-BF4B-00C04F79EFBC}") = "Task1", "Task1\Task1.csproj", "{11196407-6CF5-4360-A49E-A7435D3246D3}"
EndProject
Project("{FAE04EC0-301F-11D3-BF4B-00C04F79EFBC}") = "Task2", "Task2\Task2.csproj", "{5D0E3180-36DB-4CEB-9936-6D401F36A189}"
EndProject
Project("{FAE04EC0-301F-11D3-BF4B-00C04F79EFBC}") = "Task3", "Task3\Task3.csproj", "{B9CB1006-783E-4BF5-A69E-837FD5FE5CC1}"
EndProject
Project("{FAE04EC0-301F-11D3-BF4B-00C04F79EFBC}") = "Task4", "Task4\Task4.csproj", "{EE0C247E-FF55-460C-949A-C214C7AA2BD5}"
EndProject
Project("{FAE04EC0-301F-11D3-BF4B-00C04F79EFBC}") = "Task5", "task5\Task5.csproj", "{585C7195-469E-4B54-A99D-485B749CFB9F}"
EndProject
Global
	GlobalSection(SolutionConfigurationPlatforms) = preSolution
		Debug|Any CPU = Debug|Any CPU
		Release|Any CPU = Release|Any CPU
	EndGlobalSection
	GlobalSection(ProjectConfigurationPlatforms) = postSolution
		{11196407-6CF5-4360-A49E-A7435D3246D3}.Debug|Any CPU.ActiveCfg = Debug|Any CPU
		{11196407-6CF5-4360-A49E-A7435D3246D3}.Debug|Any CPU.Build.0 = Debug|Any CPU
		{11196407-6CF5-4360-A49E-A7435D3246D3}.Release|Any CPU.ActiveCfg = Release|Any CPU
		{11196407-6CF5-4360-A49E-A7435D3246D3}.Release|Any CPU.Build.0 = Release|Any CPU
		{5D0E3180-36DB-4CEB-9936-6D401F36A189}.Debug|Any CPU.ActiveCfg = Debug|Any CPU
		{5D0E3180-36DB-4CEB-9936-6D401F36A189}.Debug|Any CPU.Build.0 = Debug|Any CPU
		{5D0E3180-36DB-4CEB-9936-6D401F36A189}.Release|Any CPU.ActiveCfg = Release|Any CPU
		{5D0E3180-36DB-4CEB-9936-6D401F36A189}.Release|Any CPU.Build.0 = Release|Any CPU
		{B9CB1006-783E-4BF5-A69E-837FD5FE5CC1}.Debug|Any CPU.ActiveCfg = Debug|Any CPU
		{B9CB1006-783E-4BF5-A69E-837FD5FE5CC1}.Debug|Any CPU.Build.0 = Debug|Any CPU
		{B9CB1006-783E-4BF5-A69E-837FD5FE5CC1}.Release|Any CPU.ActiveCfg = Release|Any CPU
		{B9CB1006-783E-4BF5-A69E-837FD5FE5CC1}.Release|Any CPU.Build.0 = Release|Any CPU
		{EE0C247E-FF55-460C-949A-C214C7AA2BD5}.Debug|Any CPU.ActiveCfg = Debug|Any CPU
		{EE0C247E-FF55-460C-949A-C214C7AA2BD5}.Debug|Any CPU.Build.0 = Debug|Any CPU
		{EE0C247E-FF55-460C-949A-C214C7AA2BD5}.Release|Any CPU.ActiveCfg = Release|Any CPU
		{EE0C247E-FF55-460C-949A-C214C7AA2BD5}.Release|Any CPU.Build.0 = Release|Any CPU
		{585C7195-469E-4B54-A99D-485B749CFB9F}.Debug|Any CPU.ActiveCfg = Debug|Any CPU
		{585C7195-469E-4B54-A99D-485B749CFB9F}.Debug|Any CPU.Build.0 = Debug|Any CPU
		{585C7195-469E-4B54-A99D-485B749CFB9F}.Release|Any CPU.ActiveCfg = Release|Any CPU
		{585C7195-469E-4B54-A99D-485B749CFB9F}.Release|Any CPU.Build.0 = Release|Any CPU
	EndGlobalSection
	GlobalSection(SolutionProperties) = preSolution
		HideSolutionNode = FALSE
	EndGlobalSection
	GlobalSection(ExtensibilityGlobals) = postSolution
		SolutionGuid = {27E8E435-A11E-4949-88EE-069C666898C9}
	EndGlobalSection
EndGlobal
