
Microsoft Visual Studio Solution File, Format Version 12.00
# Visual Studio 15
VisualStudioVersion = 15.0.27130.2027
MinimumVisualStudioVersion = 10.0.40219.1
Project("{FAE04EC0-301F-11D3-BF4B-00C04F79EFBC}") = "Task01", "Task01\Task01.csproj", "{E0845C1E-E4A1-49C7-A839-591EFD3E2066}"
EndProject
Project("{FAE04EC0-301F-11D3-BF4B-00C04F79EFBC}") = "Task02", "Task02\Task02.csproj", "{00578CF5-72C1-4B87-8B13-733A8F94D327}"
EndProject
Project("{FAE04EC0-301F-11D3-BF4B-00C04F79EFBC}") = "Task03", "Task03\Task03.csproj", "{DDA4C8A9-7839-44EB-A4AA-0D5AAB6C4910}"
EndProject
Global
	GlobalSection(SolutionConfigurationPlatforms) = preSolution
		Debug|Any CPU = Debug|Any CPU
		Release|Any CPU = Release|Any CPU
	EndGlobalSection
	GlobalSection(ProjectConfigurationPlatforms) = postSolution
		{E0845C1E-E4A1-49C7-A839-591EFD3E2066}.Debug|Any CPU.ActiveCfg = Debug|Any CPU
		{E0845C1E-E4A1-49C7-A839-591EFD3E2066}.Debug|Any CPU.Build.0 = Debug|Any CPU
		{E0845C1E-E4A1-49C7-A839-591EFD3E2066}.Release|Any CPU.ActiveCfg = Release|Any CPU
		{E0845C1E-E4A1-49C7-A839-591EFD3E2066}.Release|Any CPU.Build.0 = Release|Any CPU
		{00578CF5-72C1-4B87-8B13-733A8F94D327}.Debug|Any CPU.ActiveCfg = Debug|Any CPU
		{00578CF5-72C1-4B87-8B13-733A8F94D327}.Debug|Any CPU.Build.0 = Debug|Any CPU
		{00578CF5-72C1-4B87-8B13-733A8F94D327}.Release|Any CPU.ActiveCfg = Release|Any CPU
		{00578CF5-72C1-4B87-8B13-733A8F94D327}.Release|Any CPU.Build.0 = Release|Any CPU
		{DDA4C8A9-7839-44EB-A4AA-0D5AAB6C4910}.Debug|Any CPU.ActiveCfg = Debug|Any CPU
		{DDA4C8A9-7839-44EB-A4AA-0D5AAB6C4910}.Debug|Any CPU.Build.0 = Debug|Any CPU
		{DDA4C8A9-7839-44EB-A4AA-0D5AAB6C4910}.Release|Any CPU.ActiveCfg = Release|Any CPU
		{DDA4C8A9-7839-44EB-A4AA-0D5AAB6C4910}.Release|Any CPU.Build.0 = Release|Any CPU
	EndGlobalSection
	GlobalSection(SolutionProperties) = preSolution
		HideSolutionNode = FALSE
	EndGlobalSection
	GlobalSection(ExtensibilityGlobals) = postSolution
		SolutionGuid = {052B03EE-7BEF-4D71-95A2-C220AE014908}
	EndGlobalSection
EndGlobal
